
Microsoft Visual Studio Solution File, Format Version 12.00
# Visual Studio Version 17
VisualStudioVersion = 17.5.002.0
MinimumVisualStudioVersion = 10.0.40219.1
Project("{9A19103F-16F7-4668-BE54-9A1E7A4F7556}") = "ApiModule", "ApiModule.csproj", "{18FB17CC-DEFD-4012-BADC-D863059741C7}"
EndProject
Global
	GlobalSection(SolutionConfigurationPlatforms) = preSolution
		Debug|Any CPU = Debug|Any CPU
		Release|Any CPU = Release|Any CPU
	EndGlobalSection
	GlobalSection(ProjectConfigurationPlatforms) = postSolution
		{18FB17CC-DEFD-4012-BADC-D863059741C7}.Debug|Any CPU.ActiveCfg = Debug|Any CPU
		{18FB17CC-DEFD-4012-BADC-D863059741C7}.Debug|Any CPU.Build.0 = Debug|Any CPU
		{18FB17CC-DEFD-4012-BADC-D863059741C7}.Release|Any CPU.ActiveCfg = Release|Any CPU
		{18FB17CC-DEFD-4012-BADC-D863059741C7}.Release|Any CPU.Build.0 = Release|Any CPU
	EndGlobalSection
	GlobalSection(SolutionProperties) = preSolution
		HideSolutionNode = FALSE
	EndGlobalSection
	GlobalSection(ExtensibilityGlobals) = postSolution
		SolutionGuid = {1F7F818C-9B95-4438-B3FC-71D7CC44BB1F}
	EndGlobalSection
EndGlobal
